
Microsoft Visual Studio Solution File, Format Version 12.00
# Visual Studio Version 17
VisualStudioVersion = 17.5.33530.505
MinimumVisualStudioVersion = 10.0.40219.1
Project("{FAE04EC0-301F-11D3-BF4B-00C04F79EFBC}") = "Task 02", "Task 02\Task 02.csproj", "{57845D1E-2054-47B3-B261-C2DFC0E7D3EB}"
EndProject
Global
	GlobalSection(SolutionConfigurationPlatforms) = preSolution
		Debug|Any CPU = Debug|Any CPU
		Release|Any CPU = Release|Any CPU
	EndGlobalSection
	GlobalSection(ProjectConfigurationPlatforms) = postSolution
		{57845D1E-2054-47B3-B261-C2DFC0E7D3EB}.Debug|Any CPU.ActiveCfg = Debug|Any CPU
		{57845D1E-2054-47B3-B261-C2DFC0E7D3EB}.Debug|Any CPU.Build.0 = Debug|Any CPU
		{57845D1E-2054-47B3-B261-C2DFC0E7D3EB}.Release|Any CPU.ActiveCfg = Release|Any CPU
		{57845D1E-2054-47B3-B261-C2DFC0E7D3EB}.Release|Any CPU.Build.0 = Release|Any CPU
	EndGlobalSection
	GlobalSection(SolutionProperties) = preSolution
		HideSolutionNode = FALSE
	EndGlobalSection
	GlobalSection(ExtensibilityGlobals) = postSolution
		SolutionGuid = {C2BD6981-E36A-465D-A4D4-342FAE114FB8}
	EndGlobalSection
EndGlobal
