
Microsoft Visual Studio Solution File, Format Version 12.00
# Visual Studio Version 17
VisualStudioVersion = 17.5.33530.505
MinimumVisualStudioVersion = 10.0.40219.1
Project("{FAE04EC0-301F-11D3-BF4B-00C04F79EFBC}") = "Task1", "Task1\Task1.csproj", "{3C4D0F5A-3C1F-4B95-97B6-9316EF95290D}"
EndProject
Project("{FAE04EC0-301F-11D3-BF4B-00C04F79EFBC}") = "Task2", "Task2\Task2.csproj", "{347DFFED-22F8-4145-9DC5-7247B8639FBC}"
EndProject
Global
	GlobalSection(SolutionConfigurationPlatforms) = preSolution
		Debug|Any CPU = Debug|Any CPU
		Release|Any CPU = Release|Any CPU
	EndGlobalSection
	GlobalSection(ProjectConfigurationPlatforms) = postSolution
		{3C4D0F5A-3C1F-4B95-97B6-9316EF95290D}.Debug|Any CPU.ActiveCfg = Debug|Any CPU
		{3C4D0F5A-3C1F-4B95-97B6-9316EF95290D}.Debug|Any CPU.Build.0 = Debug|Any CPU
		{3C4D0F5A-3C1F-4B95-97B6-9316EF95290D}.Release|Any CPU.ActiveCfg = Release|Any CPU
		{3C4D0F5A-3C1F-4B95-97B6-9316EF95290D}.Release|Any CPU.Build.0 = Release|Any CPU
		{347DFFED-22F8-4145-9DC5-7247B8639FBC}.Debug|Any CPU.ActiveCfg = Debug|Any CPU
		{347DFFED-22F8-4145-9DC5-7247B8639FBC}.Debug|Any CPU.Build.0 = Debug|Any CPU
		{347DFFED-22F8-4145-9DC5-7247B8639FBC}.Release|Any CPU.ActiveCfg = Release|Any CPU
		{347DFFED-22F8-4145-9DC5-7247B8639FBC}.Release|Any CPU.Build.0 = Release|Any CPU
	EndGlobalSection
	GlobalSection(SolutionProperties) = preSolution
		HideSolutionNode = FALSE
	EndGlobalSection
	GlobalSection(ExtensibilityGlobals) = postSolution
		SolutionGuid = {BF977129-E799-443F-B56A-28FDC4073093}
	EndGlobalSection
EndGlobal
