
Microsoft Visual Studio Solution File, Format Version 12.00
# Visual Studio Version 17
VisualStudioVersion = 17.5.33530.505
MinimumVisualStudioVersion = 10.0.40219.1
Project("{FAE04EC0-301F-11D3-BF4B-00C04F79EFBC}") = "Task1", "Task1\Task1.csproj", "{EBCA6248-B121-4917-8603-4283FA4DAC49}"
EndProject
Global
	GlobalSection(SolutionConfigurationPlatforms) = preSolution
		Debug|Any CPU = Debug|Any CPU
		Release|Any CPU = Release|Any CPU
	EndGlobalSection
	GlobalSection(ProjectConfigurationPlatforms) = postSolution
		{EBCA6248-B121-4917-8603-4283FA4DAC49}.Debug|Any CPU.ActiveCfg = Debug|Any CPU
		{EBCA6248-B121-4917-8603-4283FA4DAC49}.Debug|Any CPU.Build.0 = Debug|Any CPU
		{EBCA6248-B121-4917-8603-4283FA4DAC49}.Release|Any CPU.ActiveCfg = Release|Any CPU
		{EBCA6248-B121-4917-8603-4283FA4DAC49}.Release|Any CPU.Build.0 = Release|Any CPU
	EndGlobalSection
	GlobalSection(SolutionProperties) = preSolution
		HideSolutionNode = FALSE
	EndGlobalSection
	GlobalSection(ExtensibilityGlobals) = postSolution
		SolutionGuid = {0A40B16A-9FC4-4DFE-9BD0-2409498807EF}
	EndGlobalSection
EndGlobal
