
Microsoft Visual Studio Solution File, Format Version 12.00
# Visual Studio Version 17
VisualStudioVersion = 17.5.33530.505
MinimumVisualStudioVersion = 10.0.40219.1
Project("{FAE04EC0-301F-11D3-BF4B-00C04F79EFBC}") = "Task1", "Task1\Task1.csproj", "{00371C58-DC90-4585-B551-F6AE9BC7F9DB}"
EndProject
Global
	GlobalSection(SolutionConfigurationPlatforms) = preSolution
		Debug|Any CPU = Debug|Any CPU
		Release|Any CPU = Release|Any CPU
	EndGlobalSection
	GlobalSection(ProjectConfigurationPlatforms) = postSolution
		{00371C58-DC90-4585-B551-F6AE9BC7F9DB}.Debug|Any CPU.ActiveCfg = Debug|Any CPU
		{00371C58-DC90-4585-B551-F6AE9BC7F9DB}.Debug|Any CPU.Build.0 = Debug|Any CPU
		{00371C58-DC90-4585-B551-F6AE9BC7F9DB}.Release|Any CPU.ActiveCfg = Release|Any CPU
		{00371C58-DC90-4585-B551-F6AE9BC7F9DB}.Release|Any CPU.Build.0 = Release|Any CPU
	EndGlobalSection
	GlobalSection(SolutionProperties) = preSolution
		HideSolutionNode = FALSE
	EndGlobalSection
	GlobalSection(ExtensibilityGlobals) = postSolution
		SolutionGuid = {0DA3E759-4589-4450-BC50-9AE2061D6B5C}
	EndGlobalSection
EndGlobal
