
Microsoft Visual Studio Solution File, Format Version 12.00
# Visual Studio Version 17
VisualStudioVersion = 17.5.33530.505
MinimumVisualStudioVersion = 10.0.40219.1
Project("{FAE04EC0-301F-11D3-BF4B-00C04F79EFBC}") = "Task1", "Task1\Task1.csproj", "{9532BA51-EDBD-41D5-9476-F0E6F61EA8D5}"
EndProject
Project("{FAE04EC0-301F-11D3-BF4B-00C04F79EFBC}") = "Task2", "Task2\Task2.csproj", "{02BACB33-DDF5-4F85-AE11-97089FE4E372}"
EndProject
Global
	GlobalSection(SolutionConfigurationPlatforms) = preSolution
		Debug|Any CPU = Debug|Any CPU
		Release|Any CPU = Release|Any CPU
	EndGlobalSection
	GlobalSection(ProjectConfigurationPlatforms) = postSolution
		{9532BA51-EDBD-41D5-9476-F0E6F61EA8D5}.Debug|Any CPU.ActiveCfg = Debug|Any CPU
		{9532BA51-EDBD-41D5-9476-F0E6F61EA8D5}.Debug|Any CPU.Build.0 = Debug|Any CPU
		{9532BA51-EDBD-41D5-9476-F0E6F61EA8D5}.Release|Any CPU.ActiveCfg = Release|Any CPU
		{9532BA51-EDBD-41D5-9476-F0E6F61EA8D5}.Release|Any CPU.Build.0 = Release|Any CPU
		{02BACB33-DDF5-4F85-AE11-97089FE4E372}.Debug|Any CPU.ActiveCfg = Debug|Any CPU
		{02BACB33-DDF5-4F85-AE11-97089FE4E372}.Debug|Any CPU.Build.0 = Debug|Any CPU
		{02BACB33-DDF5-4F85-AE11-97089FE4E372}.Release|Any CPU.ActiveCfg = Release|Any CPU
		{02BACB33-DDF5-4F85-AE11-97089FE4E372}.Release|Any CPU.Build.0 = Release|Any CPU
	EndGlobalSection
	GlobalSection(SolutionProperties) = preSolution
		HideSolutionNode = FALSE
	EndGlobalSection
	GlobalSection(ExtensibilityGlobals) = postSolution
		SolutionGuid = {066E07AE-78C8-4F3A-BE99-2889D7E24ABD}
	EndGlobalSection
EndGlobal
